
Microsoft Visual Studio Solution File, Format Version 12.00
# Visual Studio Version 17
VisualStudioVersion = 17.11.35327.3
MinimumVisualStudioVersion = 10.0.40219.1
Project("{9A19103F-16F7-4668-BE54-9A1E7A4F7556}") = "Hospital.Web", "Hospital.Web\Hospital.Web.csproj", "{24ACA309-24B8-4BD3-9659-816508C6F24F}"
EndProject
Project("{9A19103F-16F7-4668-BE54-9A1E7A4F7556}") = "Hospital.Models", "Hospital.Models\Hospital.Models.csproj", "{7B7C5981-3F75-4E0A-ABB4-C9C811D33A9C}"
EndProject
Project("{9A19103F-16F7-4668-BE54-9A1E7A4F7556}") = "Hospital.ViewModels", "Hospital.ViewModels\Hospital.ViewModels.csproj", "{B692895B-FCC3-4054-919C-F40600D5B630}"
EndProject
Project("{9A19103F-16F7-4668-BE54-9A1E7A4F7556}") = "Hospital.Repositories", "Hospital.Repositories\Hospital.Repositories.csproj", "{20BF7A96-FAA5-4C5E-A05E-7FCC68530C30}"
EndProject
Project("{9A19103F-16F7-4668-BE54-9A1E7A4F7556}") = "Hospital.Services", "Hospital.Services\Hospital.Services.csproj", "{B908EC9E-D11F-4D2F-A71E-20C8E34D4A6F}"
EndProject
Project("{9A19103F-16F7-4668-BE54-9A1E7A4F7556}") = "Hospital.Utilities", "Hospital.Utilities\Hospital.Utilities.csproj", "{058D373E-83EC-4C7D-847A-5FA7C464B93C}"
EndProject
Project("{2150E333-8FDC-42A3-9474-1A3956D46DE8}") = "Solution Items", "Solution Items", "{5BEADE63-3B9E-4ECD-9A2F-AE732C27DF3E}"
	ProjectSection(SolutionItems) = preProject
		.gitignore = .gitignore
	EndProjectSection
EndProject
Global
	GlobalSection(SolutionConfigurationPlatforms) = preSolution
		Debug|Any CPU = Debug|Any CPU
		Release|Any CPU = Release|Any CPU
	EndGlobalSection
	GlobalSection(ProjectConfigurationPlatforms) = postSolution
		{24ACA309-24B8-4BD3-9659-816508C6F24F}.Debug|Any CPU.ActiveCfg = Debug|Any CPU
		{24ACA309-24B8-4BD3-9659-816508C6F24F}.Debug|Any CPU.Build.0 = Debug|Any CPU
		{24ACA309-24B8-4BD3-9659-816508C6F24F}.Release|Any CPU.ActiveCfg = Release|Any CPU
		{24ACA309-24B8-4BD3-9659-816508C6F24F}.Release|Any CPU.Build.0 = Release|Any CPU
		{7B7C5981-3F75-4E0A-ABB4-C9C811D33A9C}.Debug|Any CPU.ActiveCfg = Debug|Any CPU
		{7B7C5981-3F75-4E0A-ABB4-C9C811D33A9C}.Debug|Any CPU.Build.0 = Debug|Any CPU
		{7B7C5981-3F75-4E0A-ABB4-C9C811D33A9C}.Release|Any CPU.ActiveCfg = Release|Any CPU
		{7B7C5981-3F75-4E0A-ABB4-C9C811D33A9C}.Release|Any CPU.Build.0 = Release|Any CPU
		{B692895B-FCC3-4054-919C-F40600D5B630}.Debug|Any CPU.ActiveCfg = Debug|Any CPU
		{B692895B-FCC3-4054-919C-F40600D5B630}.Debug|Any CPU.Build.0 = Debug|Any CPU
		{B692895B-FCC3-4054-919C-F40600D5B630}.Release|Any CPU.ActiveCfg = Release|Any CPU
		{B692895B-FCC3-4054-919C-F40600D5B630}.Release|Any CPU.Build.0 = Release|Any CPU
		{20BF7A96-FAA5-4C5E-A05E-7FCC68530C30}.Debug|Any CPU.ActiveCfg = Debug|Any CPU
		{20BF7A96-FAA5-4C5E-A05E-7FCC68530C30}.Debug|Any CPU.Build.0 = Debug|Any CPU
		{20BF7A96-FAA5-4C5E-A05E-7FCC68530C30}.Release|Any CPU.ActiveCfg = Release|Any CPU
		{20BF7A96-FAA5-4C5E-A05E-7FCC68530C30}.Release|Any CPU.Build.0 = Release|Any CPU
		{B908EC9E-D11F-4D2F-A71E-20C8E34D4A6F}.Debug|Any CPU.ActiveCfg = Debug|Any CPU
		{B908EC9E-D11F-4D2F-A71E-20C8E34D4A6F}.Debug|Any CPU.Build.0 = Debug|Any CPU
		{B908EC9E-D11F-4D2F-A71E-20C8E34D4A6F}.Release|Any CPU.ActiveCfg = Release|Any CPU
		{B908EC9E-D11F-4D2F-A71E-20C8E34D4A6F}.Release|Any CPU.Build.0 = Release|Any CPU
		{058D373E-83EC-4C7D-847A-5FA7C464B93C}.Debug|Any CPU.ActiveCfg = Debug|Any CPU
		{058D373E-83EC-4C7D-847A-5FA7C464B93C}.Debug|Any CPU.Build.0 = Debug|Any CPU
		{058D373E-83EC-4C7D-847A-5FA7C464B93C}.Release|Any CPU.ActiveCfg = Release|Any CPU
		{058D373E-83EC-4C7D-847A-5FA7C464B93C}.Release|Any CPU.Build.0 = Release|Any CPU
	EndGlobalSection
	GlobalSection(SolutionProperties) = preSolution
		HideSolutionNode = FALSE
	EndGlobalSection
	GlobalSection(ExtensibilityGlobals) = postSolution
		SolutionGuid = {47B77F59-8208-47B7-9848-894560F16DE2}
	EndGlobalSection
EndGlobal
